// !$*UTF8*$!
{
	archiveVersion = 1;
	classes = {
	};
	objectVersion = 46;
	objects = {

/* Begin PBXBuildFile section */
		1B3B28CF1A14025000916BF5 /* CalendarDayCell.swift in Sources */ = {isa = PBXBuildFile; fileRef = 1B3B28C71A14025000916BF5 /* CalendarDayCell.swift */; };
		1B3B28D01A14025000916BF5 /* CalendarDayCell.xib in Resources */ = {isa = PBXBuildFile; fileRef = 1B3B28C81A14025000916BF5 /* CalendarDayCell.xib */; };
		1B3B28D11A14025000916BF5 /* CalendarMonthHeaderCell.swift in Sources */ = {isa = PBXBuildFile; fileRef = 1B3B28CA1A14025000916BF5 /* CalendarMonthHeaderCell.swift */; };
		1B3B28D31A14025000916BF5 /* CalendarWeekCell.swift in Sources */ = {isa = PBXBuildFile; fileRef = 1B3B28CD1A14025000916BF5 /* CalendarWeekCell.swift */; };
		1B3B28D41A14025000916BF5 /* CalendarWeekCell.xib in Resources */ = {isa = PBXBuildFile; fileRef = 1B3B28CE1A14025000916BF5 /* CalendarWeekCell.xib */; };
		1B3B28D61A140F9A00916BF5 /* CalendarMonthCell.xib in Resources */ = {isa = PBXBuildFile; fileRef = 1B3B28D51A140F9A00916BF5 /* CalendarMonthCell.xib */; };
		1B3B28D81A140FAB00916BF5 /* CalendarMonthCell.swift in Sources */ = {isa = PBXBuildFile; fileRef = 1B3B28D71A140FAB00916BF5 /* CalendarMonthCell.swift */; };
		1B3B28DA1A14193200916BF5 /* CalendarUtils.swift in Sources */ = {isa = PBXBuildFile; fileRef = 1B3B28D91A14193200916BF5 /* CalendarUtils.swift */; };
		1B3D865C1A15636400CE8B5D /* CalendarModel.swift in Sources */ = {isa = PBXBuildFile; fileRef = 1B3D865B1A15636400CE8B5D /* CalendarModel.swift */; };
		1B87BF0A1A12C28F0018D8E6 /* AppDelegate.swift in Sources */ = {isa = PBXBuildFile; fileRef = 1B87BF091A12C28F0018D8E6 /* AppDelegate.swift */; };
		1B87BF0D1A12C28F0018D8E6 /* CalendarDatePicker.xcdatamodeld in Sources */ = {isa = PBXBuildFile; fileRef = 1B87BF0B1A12C28F0018D8E6 /* CalendarDatePicker.xcdatamodeld */; };
		1B87BF0F1A12C28F0018D8E6 /* ViewController.swift in Sources */ = {isa = PBXBuildFile; fileRef = 1B87BF0E1A12C28F0018D8E6 /* ViewController.swift */; };
		1B87BF121A12C28F0018D8E6 /* Main.storyboard in Resources */ = {isa = PBXBuildFile; fileRef = 1B87BF101A12C28F0018D8E6 /* Main.storyboard */; };
		1B87BF141A12C28F0018D8E6 /* Images.xcassets in Resources */ = {isa = PBXBuildFile; fileRef = 1B87BF131A12C28F0018D8E6 /* Images.xcassets */; };
		1B87BF171A12C28F0018D8E6 /* LaunchScreen.xib in Resources */ = {isa = PBXBuildFile; fileRef = 1B87BF151A12C28F0018D8E6 /* LaunchScreen.xib */; };
		1B87BF231A12C2900018D8E6 /* CalendarDatePickerTests.swift in Sources */ = {isa = PBXBuildFile; fileRef = 1B87BF221A12C2900018D8E6 /* CalendarDatePickerTests.swift */; };
		1B87BF2F1A12C4F70018D8E6 /* CalendarDatePicker.storyboard in Resources */ = {isa = PBXBuildFile; fileRef = 1B87BF2E1A12C4F70018D8E6 /* CalendarDatePicker.storyboard */; };
		1B87BF311A12C5170018D8E6 /* CalendarDatePickerController.swift in Sources */ = {isa = PBXBuildFile; fileRef = 1B87BF301A12C5170018D8E6 /* CalendarDatePickerController.swift */; };
		1BCD387B1A12C9FF00358D3A /* CalendarConstants.swift in Sources */ = {isa = PBXBuildFile; fileRef = 1BCD387A1A12C9FF00358D3A /* CalendarConstants.swift */; };
		1BD763A41A1A76620077F932 /* CalendarHeaderCell.swift in Sources */ = {isa = PBXBuildFile; fileRef = 1BD763A31A1A76620077F932 /* CalendarHeaderCell.swift */; };
		1BD763A61A1A767F0077F932 /* CalendarHeaderCell.xib in Resources */ = {isa = PBXBuildFile; fileRef = 1BD763A51A1A767F0077F932 /* CalendarHeaderCell.xib */; };
		1BD763A81A1A7F3C0077F932 /* CalendarHeadController.swift in Sources */ = {isa = PBXBuildFile; fileRef = 1BD763A71A1A7F3C0077F932 /* CalendarHeadController.swift */; };
/* End PBXBuildFile section */

/* Begin PBXContainerItemProxy section */
		1B87BF1D1A12C28F0018D8E6 /* PBXContainerItemProxy */ = {
			isa = PBXContainerItemProxy;
			containerPortal = 1B87BEFC1A12C28F0018D8E6 /* Project object */;
			proxyType = 1;
			remoteGlobalIDString = 1B87BF031A12C28F0018D8E6;
			remoteInfo = CalendarDatePicker;
		};
/* End PBXContainerItemProxy section */

/* Begin PBXFileReference section */
		1B3B28C71A14025000916BF5 /* CalendarDayCell.swift */ = {isa = PBXFileReference; fileEncoding = 4; lastKnownFileType = sourcecode.swift; path = CalendarDayCell.swift; sourceTree = "<group>"; };
		1B3B28C81A14025000916BF5 /* CalendarDayCell.xib */ = {isa = PBXFileReference; fileEncoding = 4; lastKnownFileType = file.xib; path = CalendarDayCell.xib; sourceTree = "<group>"; };
		1B3B28CA1A14025000916BF5 /* CalendarMonthHeaderCell.swift */ = {isa = PBXFileReference; fileEncoding = 4; lastKnownFileType = sourcecode.swift; path = CalendarMonthHeaderCell.swift; sourceTree = "<group>"; };
		1B3B28CD1A14025000916BF5 /* CalendarWeekCell.swift */ = {isa = PBXFileReference; fileEncoding = 4; lastKnownFileType = sourcecode.swift; path = CalendarWeekCell.swift; sourceTree = "<group>"; };
		1B3B28CE1A14025000916BF5 /* CalendarWeekCell.xib */ = {isa = PBXFileReference; fileEncoding = 4; lastKnownFileType = file.xib; path = CalendarWeekCell.xib; sourceTree = "<group>"; };
		1B3B28D51A140F9A00916BF5 /* CalendarMonthCell.xib */ = {isa = PBXFileReference; fileEncoding = 4; lastKnownFileType = file.xib; path = CalendarMonthCell.xib; sourceTree = "<group>"; };
		1B3B28D71A140FAB00916BF5 /* CalendarMonthCell.swift */ = {isa = PBXFileReference; fileEncoding = 4; lastKnownFileType = sourcecode.swift; path = CalendarMonthCell.swift; sourceTree = "<group>"; };
		1B3B28D91A14193200916BF5 /* CalendarUtils.swift */ = {isa = PBXFileReference; fileEncoding = 4; lastKnownFileType = sourcecode.swift; path = CalendarUtils.swift; sourceTree = "<group>"; };
		1B3D865B1A15636400CE8B5D /* CalendarModel.swift */ = {isa = PBXFileReference; fileEncoding = 4; lastKnownFileType = sourcecode.swift; path = CalendarModel.swift; sourceTree = "<group>"; };
		1B87BF041A12C28F0018D8E6 /* CalendarDatePicker.app */ = {isa = PBXFileReference; explicitFileType = wrapper.application; includeInIndex = 0; path = CalendarDatePicker.app; sourceTree = BUILT_PRODUCTS_DIR; };
		1B87BF081A12C28F0018D8E6 /* Info.plist */ = {isa = PBXFileReference; lastKnownFileType = text.plist.xml; path = Info.plist; sourceTree = "<group>"; };
		1B87BF091A12C28F0018D8E6 /* AppDelegate.swift */ = {isa = PBXFileReference; lastKnownFileType = sourcecode.swift; path = AppDelegate.swift; sourceTree = "<group>"; };
		1B87BF0C1A12C28F0018D8E6 /* CalendarDatePicker.xcdatamodel */ = {isa = PBXFileReference; lastKnownFileType = wrapper.xcdatamodel; path = CalendarDatePicker.xcdatamodel; sourceTree = "<group>"; };
		1B87BF0E1A12C28F0018D8E6 /* ViewController.swift */ = {isa = PBXFileReference; lastKnownFileType = sourcecode.swift; path = ViewController.swift; sourceTree = "<group>"; };
		1B87BF111A12C28F0018D8E6 /* Base */ = {isa = PBXFileReference; lastKnownFileType = file.storyboard; name = Base; path = Base.lproj/Main.storyboard; sourceTree = "<group>"; };
		1B87BF131A12C28F0018D8E6 /* Images.xcassets */ = {isa = PBXFileReference; lastKnownFileType = folder.assetcatalog; path = Images.xcassets; sourceTree = "<group>"; };
		1B87BF161A12C28F0018D8E6 /* Base */ = {isa = PBXFileReference; lastKnownFileType = file.xib; name = Base; path = Base.lproj/LaunchScreen.xib; sourceTree = "<group>"; };
		1B87BF1C1A12C28F0018D8E6 /* CalendarDatePickerTests.xctest */ = {isa = PBXFileReference; explicitFileType = wrapper.cfbundle; includeInIndex = 0; path = CalendarDatePickerTests.xctest; sourceTree = BUILT_PRODUCTS_DIR; };
		1B87BF211A12C2900018D8E6 /* Info.plist */ = {isa = PBXFileReference; lastKnownFileType = text.plist.xml; path = Info.plist; sourceTree = "<group>"; };
		1B87BF221A12C2900018D8E6 /* CalendarDatePickerTests.swift */ = {isa = PBXFileReference; lastKnownFileType = sourcecode.swift; path = CalendarDatePickerTests.swift; sourceTree = "<group>"; };
		1B87BF2E1A12C4F70018D8E6 /* CalendarDatePicker.storyboard */ = {isa = PBXFileReference; fileEncoding = 4; lastKnownFileType = file.storyboard; path = CalendarDatePicker.storyboard; sourceTree = "<group>"; };
		1B87BF301A12C5170018D8E6 /* CalendarDatePickerController.swift */ = {isa = PBXFileReference; fileEncoding = 4; lastKnownFileType = sourcecode.swift; path = CalendarDatePickerController.swift; sourceTree = "<group>"; };
		1BCD387A1A12C9FF00358D3A /* CalendarConstants.swift */ = {isa = PBXFileReference; fileEncoding = 4; lastKnownFileType = sourcecode.swift; path = CalendarConstants.swift; sourceTree = "<group>"; };
		1BD763A31A1A76620077F932 /* CalendarHeaderCell.swift */ = {isa = PBXFileReference; fileEncoding = 4; lastKnownFileType = sourcecode.swift; path = CalendarHeaderCell.swift; sourceTree = "<group>"; };
		1BD763A51A1A767F0077F932 /* CalendarHeaderCell.xib */ = {isa = PBXFileReference; fileEncoding = 4; lastKnownFileType = file.xib; path = CalendarHeaderCell.xib; sourceTree = "<group>"; };
		1BD763A71A1A7F3C0077F932 /* CalendarHeadController.swift */ = {isa = PBXFileReference; fileEncoding = 4; lastKnownFileType = sourcecode.swift; path = CalendarHeadController.swift; sourceTree = "<group>"; };
/* End PBXFileReference section */

/* Begin PBXFrameworksBuildPhase section */
		1B87BF011A12C28F0018D8E6 /* Frameworks */ = {
			isa = PBXFrameworksBuildPhase;
			buildActionMask = 2147483647;
			files = (
			);
			runOnlyForDeploymentPostprocessing = 0;
		};
		1B87BF191A12C28F0018D8E6 /* Frameworks */ = {
			isa = PBXFrameworksBuildPhase;
			buildActionMask = 2147483647;
			files = (
			);
			runOnlyForDeploymentPostprocessing = 0;
		};
/* End PBXFrameworksBuildPhase section */

/* Begin PBXGroup section */
		1B3B28C61A14025000916BF5 /* day */ = {
			isa = PBXGroup;
			children = (
				1B3B28C71A14025000916BF5 /* CalendarDayCell.swift */,
				1B3B28C81A14025000916BF5 /* CalendarDayCell.xib */,
			);
			path = day;
			sourceTree = "<group>";
		};
		1B3B28C91A14025000916BF5 /* month */ = {
			isa = PBXGroup;
			children = (
				1B3B28D71A140FAB00916BF5 /* CalendarMonthCell.swift */,
				1B3B28D51A140F9A00916BF5 /* CalendarMonthCell.xib */,
				1B3B28CA1A14025000916BF5 /* CalendarMonthHeaderCell.swift */,
			);
			path = month;
			sourceTree = "<group>";
		};
		1B3B28CC1A14025000916BF5 /* week */ = {
			isa = PBXGroup;
			children = (
				1B3B28CD1A14025000916BF5 /* CalendarWeekCell.swift */,
				1B3B28CE1A14025000916BF5 /* CalendarWeekCell.xib */,
			);
			path = week;
			sourceTree = "<group>";
		};
		1B87BEFB1A12C28F0018D8E6 = {
			isa = PBXGroup;
			children = (
				1B87BF061A12C28F0018D8E6 /* CalendarDatePicker */,
				1B87BF1F1A12C2900018D8E6 /* CalendarDatePickerTests */,
				1B87BF051A12C28F0018D8E6 /* Products */,
			);
			sourceTree = "<group>";
		};
		1B87BF051A12C28F0018D8E6 /* Products */ = {
			isa = PBXGroup;
			children = (
				1B87BF041A12C28F0018D8E6 /* CalendarDatePicker.app */,
				1B87BF1C1A12C28F0018D8E6 /* CalendarDatePickerTests.xctest */,
			);
			name = Products;
			sourceTree = "<group>";
		};
		1B87BF061A12C28F0018D8E6 /* CalendarDatePicker */ = {
			isa = PBXGroup;
			children = (
				1B87BF091A12C28F0018D8E6 /* AppDelegate.swift */,
				1B87BF0B1A12C28F0018D8E6 /* CalendarDatePicker.xcdatamodeld */,
				1B87BF131A12C28F0018D8E6 /* Images.xcassets */,
				1B87BF151A12C28F0018D8E6 /* LaunchScreen.xib */,
				1B87BF101A12C28F0018D8E6 /* Main.storyboard */,
				1B87BF2C1A12C2EA0018D8E6 /* modules */,
				1B87BF071A12C28F0018D8E6 /* Supporting Files */,
				1B87BF0E1A12C28F0018D8E6 /* ViewController.swift */,
			);
			path = CalendarDatePicker;
			sourceTree = "<group>";
		};
		1B87BF071A12C28F0018D8E6 /* Supporting Files */ = {
			isa = PBXGroup;
			children = (
				1B87BF081A12C28F0018D8E6 /* Info.plist */,
			);
			name = "Supporting Files";
			sourceTree = "<group>";
		};
		1B87BF1F1A12C2900018D8E6 /* CalendarDatePickerTests */ = {
			isa = PBXGroup;
			children = (
				1B87BF221A12C2900018D8E6 /* CalendarDatePickerTests.swift */,
				1B87BF201A12C2900018D8E6 /* Supporting Files */,
			);
			path = CalendarDatePickerTests;
			sourceTree = "<group>";
		};
		1B87BF201A12C2900018D8E6 /* Supporting Files */ = {
			isa = PBXGroup;
			children = (
				1B87BF211A12C2900018D8E6 /* Info.plist */,
			);
			name = "Supporting Files";
			sourceTree = "<group>";
		};
		1B87BF2C1A12C2EA0018D8E6 /* modules */ = {
			isa = PBXGroup;
			children = (
				1B87BF2D1A12C2EA0018D8E6 /* calendar_date_picker */,
			);
			path = modules;
			sourceTree = "<group>";
		};
		1B87BF2D1A12C2EA0018D8E6 /* calendar_date_picker */ = {
			isa = PBXGroup;
			children = (
				1BCD387A1A12C9FF00358D3A /* CalendarConstants.swift */,
				1B87BF2E1A12C4F70018D8E6 /* CalendarDatePicker.storyboard */,
				1B87BF301A12C5170018D8E6 /* CalendarDatePickerController.swift */,
				1B3D865B1A15636400CE8B5D /* CalendarModel.swift */,
				1B3B28D91A14193200916BF5 /* CalendarUtils.swift */,
				1B3B28C61A14025000916BF5 /* day */,
				1BD7639E1A1A73800077F932 /* header */,
				1B3B28C91A14025000916BF5 /* month */,
				1B3B28CC1A14025000916BF5 /* week */,
			);
			path = calendar_date_picker;
			sourceTree = "<group>";
		};
		1BD7639E1A1A73800077F932 /* header */ = {
			isa = PBXGroup;
			children = (
				1BD763A71A1A7F3C0077F932 /* CalendarHeadController.swift */,
				1BD763A31A1A76620077F932 /* CalendarHeaderCell.swift */,
				1BD763A51A1A767F0077F932 /* CalendarHeaderCell.xib */,
			);
			name = header;
			path = week_header;
			sourceTree = "<group>";
		};
/* End PBXGroup section */

/* Begin PBXNativeTarget section */
		1B87BF031A12C28F0018D8E6 /* CalendarDatePicker */ = {
			isa = PBXNativeTarget;
			buildConfigurationList = 1B87BF261A12C2900018D8E6 /* Build configuration list for PBXNativeTarget "CalendarDatePicker" */;
			buildPhases = (
				1B87BF001A12C28F0018D8E6 /* Sources */,
				1B87BF011A12C28F0018D8E6 /* Frameworks */,
				1B87BF021A12C28F0018D8E6 /* Resources */,
			);
			buildRules = (
			);
			dependencies = (
			);
			name = CalendarDatePicker;
			productName = CalendarDatePicker;
			productReference = 1B87BF041A12C28F0018D8E6 /* CalendarDatePicker.app */;
			productType = "com.apple.product-type.application";
		};
		1B87BF1B1A12C28F0018D8E6 /* CalendarDatePickerTests */ = {
			isa = PBXNativeTarget;
			buildConfigurationList = 1B87BF291A12C2900018D8E6 /* Build configuration list for PBXNativeTarget "CalendarDatePickerTests" */;
			buildPhases = (
				1B87BF181A12C28F0018D8E6 /* Sources */,
				1B87BF191A12C28F0018D8E6 /* Frameworks */,
				1B87BF1A1A12C28F0018D8E6 /* Resources */,
			);
			buildRules = (
			);
			dependencies = (
				1B87BF1E1A12C28F0018D8E6 /* PBXTargetDependency */,
			);
			name = CalendarDatePickerTests;
			productName = CalendarDatePickerTests;
			productReference = 1B87BF1C1A12C28F0018D8E6 /* CalendarDatePickerTests.xctest */;
			productType = "com.apple.product-type.bundle.unit-test";
		};
/* End PBXNativeTarget section */

/* Begin PBXProject section */
		1B87BEFC1A12C28F0018D8E6 /* Project object */ = {
			isa = PBXProject;
			attributes = {
				LastUpgradeCheck = 0610;
				ORGANIZATIONNAME = "Paul Yuan";
				TargetAttributes = {
					1B87BF031A12C28F0018D8E6 = {
						CreatedOnToolsVersion = 6.1;
					};
					1B87BF1B1A12C28F0018D8E6 = {
						CreatedOnToolsVersion = 6.1;
						TestTargetID = 1B87BF031A12C28F0018D8E6;
					};
				};
			};
			buildConfigurationList = 1B87BEFF1A12C28F0018D8E6 /* Build configuration list for PBXProject "CalendarDatePicker" */;
			compatibilityVersion = "Xcode 3.2";
			developmentRegion = English;
			hasScannedForEncodings = 0;
			knownRegions = (
				en,
				Base,
			);
			mainGroup = 1B87BEFB1A12C28F0018D8E6;
			productRefGroup = 1B87BF051A12C28F0018D8E6 /* Products */;
			projectDirPath = "";
			projectRoot = "";
			targets = (
				1B87BF031A12C28F0018D8E6 /* CalendarDatePicker */,
				1B87BF1B1A12C28F0018D8E6 /* CalendarDatePickerTests */,
			);
		};
/* End PBXProject section */

/* Begin PBXResourcesBuildPhase section */
		1B87BF021A12C28F0018D8E6 /* Resources */ = {
			isa = PBXResourcesBuildPhase;
			buildActionMask = 2147483647;
			files = (
				1B87BF121A12C28F0018D8E6 /* Main.storyboard in Resources */,
				1B87BF171A12C28F0018D8E6 /* LaunchScreen.xib in Resources */,
				1BD763A61A1A767F0077F932 /* CalendarHeaderCell.xib in Resources */,
				1B3B28D41A14025000916BF5 /* CalendarWeekCell.xib in Resources */,
				1B3B28D61A140F9A00916BF5 /* CalendarMonthCell.xib in Resources */,
				1B87BF2F1A12C4F70018D8E6 /* CalendarDatePicker.storyboard in Resources */,
				1B87BF141A12C28F0018D8E6 /* Images.xcassets in Resources */,
				1B3B28D01A14025000916BF5 /* CalendarDayCell.xib in Resources */,
			);
			runOnlyForDeploymentPostprocessing = 0;
		};
		1B87BF1A1A12C28F0018D8E6 /* Resources */ = {
			isa = PBXResourcesBuildPhase;
			buildActionMask = 2147483647;
			files = (
			);
			runOnlyForDeploymentPostprocessing = 0;
		};
/* End PBXResourcesBuildPhase section */

/* Begin PBXSourcesBuildPhase section */
		1B87BF001A12C28F0018D8E6 /* Sources */ = {
			isa = PBXSourcesBuildPhase;
			buildActionMask = 2147483647;
			files = (
				1B87BF0F1A12C28F0018D8E6 /* ViewController.swift in Sources */,
				1B87BF0A1A12C28F0018D8E6 /* AppDelegate.swift in Sources */,
				1B3B28D11A14025000916BF5 /* CalendarMonthHeaderCell.swift in Sources */,
				1B3B28D81A140FAB00916BF5 /* CalendarMonthCell.swift in Sources */,
				1BD763A41A1A76620077F932 /* CalendarHeaderCell.swift in Sources */,
				1B3B28CF1A14025000916BF5 /* CalendarDayCell.swift in Sources */,
				1B87BF0D1A12C28F0018D8E6 /* CalendarDatePicker.xcdatamodeld in Sources */,
				1BCD387B1A12C9FF00358D3A /* CalendarConstants.swift in Sources */,
				1B3B28DA1A14193200916BF5 /* CalendarUtils.swift in Sources */,
				1B87BF311A12C5170018D8E6 /* CalendarDatePickerController.swift in Sources */,
				1B3B28D31A14025000916BF5 /* CalendarWeekCell.swift in Sources */,
				1B3D865C1A15636400CE8B5D /* CalendarModel.swift in Sources */,
				1BD763A81A1A7F3C0077F932 /* CalendarHeadController.swift in Sources */,
			);
			runOnlyForDeploymentPostprocessing = 0;
		};
		1B87BF181A12C28F0018D8E6 /* Sources */ = {
			isa = PBXSourcesBuildPhase;
			buildActionMask = 2147483647;
			files = (
				1B87BF231A12C2900018D8E6 /* CalendarDatePickerTests.swift in Sources */,
			);
			runOnlyForDeploymentPostprocessing = 0;
		};
/* End PBXSourcesBuildPhase section */

/* Begin PBXTargetDependency section */
		1B87BF1E1A12C28F0018D8E6 /* PBXTargetDependency */ = {
			isa = PBXTargetDependency;
			target = 1B87BF031A12C28F0018D8E6 /* CalendarDatePicker */;
			targetProxy = 1B87BF1D1A12C28F0018D8E6 /* PBXContainerItemProxy */;
		};
/* End PBXTargetDependency section */

/* Begin PBXVariantGroup section */
		1B87BF101A12C28F0018D8E6 /* Main.storyboard */ = {
			isa = PBXVariantGroup;
			children = (
				1B87BF111A12C28F0018D8E6 /* Base */,
			);
			name = Main.storyboard;
			sourceTree = "<group>";
		};
		1B87BF151A12C28F0018D8E6 /* LaunchScreen.xib */ = {
			isa = PBXVariantGroup;
			children = (
				1B87BF161A12C28F0018D8E6 /* Base */,
			);
			name = LaunchScreen.xib;
			sourceTree = "<group>";
		};
/* End PBXVariantGroup section */

/* Begin XCBuildConfiguration section */
		1B87BF241A12C2900018D8E6 /* Debug */ = {
			isa = XCBuildConfiguration;
			buildSettings = {
				ALWAYS_SEARCH_USER_PATHS = NO;
				CLANG_CXX_LANGUAGE_STANDARD = "gnu++0x";
				CLANG_CXX_LIBRARY = "libc++";
				CLANG_ENABLE_MODULES = YES;
				CLANG_ENABLE_OBJC_ARC = YES;
				CLANG_WARN_BOOL_CONVERSION = YES;
				CLANG_WARN_CONSTANT_CONVERSION = YES;
				CLANG_WARN_DIRECT_OBJC_ISA_USAGE = YES_ERROR;
				CLANG_WARN_EMPTY_BODY = YES;
				CLANG_WARN_ENUM_CONVERSION = YES;
				CLANG_WARN_INT_CONVERSION = YES;
				CLANG_WARN_OBJC_ROOT_CLASS = YES_ERROR;
				CLANG_WARN_UNREACHABLE_CODE = YES;
				CLANG_WARN__DUPLICATE_METHOD_MATCH = YES;
				"CODE_SIGN_IDENTITY[sdk=iphoneos*]" = "iPhone Developer";
				COPY_PHASE_STRIP = NO;
				ENABLE_STRICT_OBJC_MSGSEND = YES;
				GCC_C_LANGUAGE_STANDARD = gnu99;
				GCC_DYNAMIC_NO_PIC = NO;
				GCC_OPTIMIZATION_LEVEL = 0;
				GCC_PREPROCESSOR_DEFINITIONS = (
					"DEBUG=1",
					"$(inherited)",
				);
				GCC_SYMBOLS_PRIVATE_EXTERN = NO;
				GCC_WARN_64_TO_32_BIT_CONVERSION = YES;
				GCC_WARN_ABOUT_RETURN_TYPE = YES_ERROR;
				GCC_WARN_UNDECLARED_SELECTOR = YES;
				GCC_WARN_UNINITIALIZED_AUTOS = YES_AGGRESSIVE;
				GCC_WARN_UNUSED_FUNCTION = YES;
				GCC_WARN_UNUSED_VARIABLE = YES;
				IPHONEOS_DEPLOYMENT_TARGET = 8.1;
				MTL_ENABLE_DEBUG_INFO = YES;
				ONLY_ACTIVE_ARCH = YES;
				SDKROOT = iphoneos;
				SWIFT_OPTIMIZATION_LEVEL = "-Onone";
				TARGETED_DEVICE_FAMILY = "1,2";
			};
			name = Debug;
		};
		1B87BF251A12C2900018D8E6 /* Release */ = {
			isa = XCBuildConfiguration;
			buildSettings = {
				ALWAYS_SEARCH_USER_PATHS = NO;
				CLANG_CXX_LANGUAGE_STANDARD = "gnu++0x";
				CLANG_CXX_LIBRARY = "libc++";
				CLANG_ENABLE_MODULES = YES;
				CLANG_ENABLE_OBJC_ARC = YES;
				CLANG_WARN_BOOL_CONVERSION = YES;
				CLANG_WARN_CONSTANT_CONVERSION = YES;
				CLANG_WARN_DIRECT_OBJC_ISA_USAGE = YES_ERROR;
				CLANG_WARN_EMPTY_BODY = YES;
				CLANG_WARN_ENUM_CONVERSION = YES;
				CLANG_WARN_INT_CONVERSION = YES;
				CLANG_WARN_OBJC_ROOT_CLASS = YES_ERROR;
				CLANG_WARN_UNREACHABLE_CODE = YES;
				CLANG_WARN__DUPLICATE_METHOD_MATCH = YES;
				"CODE_SIGN_IDENTITY[sdk=iphoneos*]" = "iPhone Developer";
				COPY_PHASE_STRIP = YES;
				ENABLE_NS_ASSERTIONS = NO;
				ENABLE_STRICT_OBJC_MSGSEND = YES;
				GCC_C_LANGUAGE_STANDARD = gnu99;
				GCC_WARN_64_TO_32_BIT_CONVERSION = YES;
				GCC_WARN_ABOUT_RETURN_TYPE = YES_ERROR;
				GCC_WARN_UNDECLARED_SELECTOR = YES;
				GCC_WARN_UNINITIALIZED_AUTOS = YES_AGGRESSIVE;
				GCC_WARN_UNUSED_FUNCTION = YES;
				GCC_WARN_UNUSED_VARIABLE = YES;
				IPHONEOS_DEPLOYMENT_TARGET = 8.1;
				MTL_ENABLE_DEBUG_INFO = NO;
				SDKROOT = iphoneos;
				TARGETED_DEVICE_FAMILY = "1,2";
				VALIDATE_PRODUCT = YES;
			};
			name = Release;
		};
		1B87BF271A12C2900018D8E6 /* Debug */ = {
			isa = XCBuildConfiguration;
			buildSettings = {
				ASSETCATALOG_COMPILER_APPICON_NAME = AppIcon;
				INFOPLIST_FILE = CalendarDatePicker/Info.plist;
				IPHONEOS_DEPLOYMENT_TARGET = 8.0;
				LD_RUNPATH_SEARCH_PATHS = "$(inherited) @executable_path/Frameworks";
				PRODUCT_NAME = "$(TARGET_NAME)";
				TARGETED_DEVICE_FAMILY = 1;
			};
			name = Debug;
		};
		1B87BF281A12C2900018D8E6 /* Release */ = {
			isa = XCBuildConfiguration;
			buildSettings = {
				ASSETCATALOG_COMPILER_APPICON_NAME = AppIcon;
				INFOPLIST_FILE = CalendarDatePicker/Info.plist;
				IPHONEOS_DEPLOYMENT_TARGET = 8.0;
				LD_RUNPATH_SEARCH_PATHS = "$(inherited) @executable_path/Frameworks";
				PRODUCT_NAME = "$(TARGET_NAME)";
				TARGETED_DEVICE_FAMILY = 1;
			};
			name = Release;
		};
		1B87BF2A1A12C2900018D8E6 /* Debug */ = {
			isa = XCBuildConfiguration;
			buildSettings = {
				BUNDLE_LOADER = "$(TEST_HOST)";
				FRAMEWORK_SEARCH_PATHS = (
					"$(SDKROOT)/Developer/Library/Frameworks",
					"$(inherited)",
				);
				GCC_PREPROCESSOR_DEFINITIONS = (
					"DEBUG=1",
					"$(inherited)",
				);
				INFOPLIST_FILE = CalendarDatePickerTests/Info.plist;
				LD_RUNPATH_SEARCH_PATHS = "$(inherited) @executable_path/Frameworks @loader_path/Frameworks";
				PRODUCT_NAME = "$(TARGET_NAME)";
				TEST_HOST = "$(BUILT_PRODUCTS_DIR)/CalendarDatePicker.app/CalendarDatePicker";
			};
			name = Debug;
		};
		1B87BF2B1A12C2900018D8E6 /* Release */ = {
			isa = XCBuildConfiguration;
			buildSettings = {
				BUNDLE_LOADER = "$(TEST_HOST)";
				FRAMEWORK_SEARCH_PATHS = (
					"$(SDKROOT)/Developer/Library/Frameworks",
					"$(inherited)",
				);
				INFOPLIST_FILE = CalendarDatePickerTests/Info.plist;
				LD_RUNPATH_SEARCH_PATHS = "$(inherited) @executable_path/Frameworks @loader_path/Frameworks";
				PRODUCT_NAME = "$(TARGET_NAME)";
				TEST_HOST = "$(BUILT_PRODUCTS_DIR)/CalendarDatePicker.app/CalendarDatePicker";
			};
			name = Release;
		};
/* End XCBuildConfiguration section */

/* Begin XCConfigurationList section */
		1B87BEFF1A12C28F0018D8E6 /* Build configuration list for PBXProject "CalendarDatePicker" */ = {
			isa = XCConfigurationList;
			buildConfigurations = (
				1B87BF241A12C2900018D8E6 /* Debug */,
				1B87BF251A12C2900018D8E6 /* Release */,
			);
			defaultConfigurationIsVisible = 0;
			defaultConfigurationName = Release;
		};
		1B87BF261A12C2900018D8E6 /* Build configuration list for PBXNativeTarget "CalendarDatePicker" */ = {
			isa = XCConfigurationList;
			buildConfigurations = (
				1B87BF271A12C2900018D8E6 /* Debug */,
				1B87BF281A12C2900018D8E6 /* Release */,
			);
			defaultConfigurationIsVisible = 0;
			defaultConfigurationName = Release;
		};
		1B87BF291A12C2900018D8E6 /* Build configuration list for PBXNativeTarget "CalendarDatePickerTests" */ = {
			isa = XCConfigurationList;
			buildConfigurations = (
				1B87BF2A1A12C2900018D8E6 /* Debug */,
				1B87BF2B1A12C2900018D8E6 /* Release */,
			);
			defaultConfigurationIsVisible = 0;
			defaultConfigurationName = Release;
		};
/* End XCConfigurationList section */

/* Begin XCVersionGroup section */
		1B87BF0B1A12C28F0018D8E6 /* CalendarDatePicker.xcdatamodeld */ = {
			isa = XCVersionGroup;
			children = (
				1B87BF0C1A12C28F0018D8E6 /* CalendarDatePicker.xcdatamodel */,
			);
			currentVersion = 1B87BF0C1A12C28F0018D8E6 /* CalendarDatePicker.xcdatamodel */;
			path = CalendarDatePicker.xcdatamodeld;
			sourceTree = "<group>";
			versionGroupType = wrapper.xcdatamodel;
		};
/* End XCVersionGroup section */
	};
	rootObject = 1B87BEFC1A12C28F0018D8E6 /* Project object */;
}
